
Microsoft Visual Studio Solution File, Format Version 12.00
# Visual Studio Version 17
VisualStudioVersion = 17.3.32929.385
MinimumVisualStudioVersion = 10.0.40219.1
Project("{FAE04EC0-301F-11D3-BF4B-00C04F79EFBC}") = "BLL", "BLL\BLL.csproj", "{3C0C2A2E-B703-4914-9BF0-2D19E8D74ECE}"
EndProject
Project("{FAE04EC0-301F-11D3-BF4B-00C04F79EFBC}") = "DAL", "DAL\DAL.csproj", "{A0379832-806D-448B-BA9B-6D1935787939}"
EndProject
Project("{FAE04EC0-301F-11D3-BF4B-00C04F79EFBC}") = "ONLINE(HEALTHCARE)", "ONLINE(HEALTHCARE)\ONLINE(HEALTHCARE).csproj", "{BC40B5E3-73DF-47B6-BD99-31B6E36815BF}"
EndProject
Global
	GlobalSection(SolutionConfigurationPlatforms) = preSolution
		Debug|Any CPU = Debug|Any CPU
		Release|Any CPU = Release|Any CPU
	EndGlobalSection
	GlobalSection(ProjectConfigurationPlatforms) = postSolution
		{3C0C2A2E-B703-4914-9BF0-2D19E8D74ECE}.Debug|Any CPU.ActiveCfg = Debug|Any CPU
		{3C0C2A2E-B703-4914-9BF0-2D19E8D74ECE}.Debug|Any CPU.Build.0 = Debug|Any CPU
		{3C0C2A2E-B703-4914-9BF0-2D19E8D74ECE}.Release|Any CPU.ActiveCfg = Release|Any CPU
		{3C0C2A2E-B703-4914-9BF0-2D19E8D74ECE}.Release|Any CPU.Build.0 = Release|Any CPU
		{A0379832-806D-448B-BA9B-6D1935787939}.Debug|Any CPU.ActiveCfg = Debug|Any CPU
		{A0379832-806D-448B-BA9B-6D1935787939}.Debug|Any CPU.Build.0 = Debug|Any CPU
		{A0379832-806D-448B-BA9B-6D1935787939}.Release|Any CPU.ActiveCfg = Release|Any CPU
		{A0379832-806D-448B-BA9B-6D1935787939}.Release|Any CPU.Build.0 = Release|Any CPU
		{BC40B5E3-73DF-47B6-BD99-31B6E36815BF}.Debug|Any CPU.ActiveCfg = Debug|Any CPU
		{BC40B5E3-73DF-47B6-BD99-31B6E36815BF}.Debug|Any CPU.Build.0 = Debug|Any CPU
		{BC40B5E3-73DF-47B6-BD99-31B6E36815BF}.Release|Any CPU.ActiveCfg = Release|Any CPU
		{BC40B5E3-73DF-47B6-BD99-31B6E36815BF}.Release|Any CPU.Build.0 = Release|Any CPU
	EndGlobalSection
	GlobalSection(SolutionProperties) = preSolution
		HideSolutionNode = FALSE
	EndGlobalSection
	GlobalSection(ExtensibilityGlobals) = postSolution
		SolutionGuid = {D78E54ED-ACF8-44C9-AE4A-A9D548EE9254}
	EndGlobalSection
EndGlobal
